// !$*UTF8*$!
{
	archiveVersion = 1;
	classes = {
	};
	objectVersion = 56;
	objects = {

/* Begin PBXBuildFile section */
		AF860A3A2B8E94BF00672C5A /* Weather4YouApp.swift in Sources */ = {isa = PBXBuildFile; fileRef = AF860A392B8E94BF00672C5A /* Weather4YouApp.swift */; };
		AF860A3E2B8E94C100672C5A /* Assets.xcassets in Resources */ = {isa = PBXBuildFile; fileRef = AF860A3D2B8E94C100672C5A /* Assets.xcassets */; };
		AF860A422B8E94C100672C5A /* Preview Assets.xcassets in Resources */ = {isa = PBXBuildFile; fileRef = AF860A412B8E94C100672C5A /* Preview Assets.xcassets */; };
		AF860A4C2B8E94C100672C5A /* Weather4YouTests.swift in Sources */ = {isa = PBXBuildFile; fileRef = AF860A4B2B8E94C100672C5A /* Weather4YouTests.swift */; };
		AF860A562B8E94C100672C5A /* Weather4YouUITests.swift in Sources */ = {isa = PBXBuildFile; fileRef = AF860A552B8E94C100672C5A /* Weather4YouUITests.swift */; };
		AF860A582B8E94C100672C5A /* Weather4YouUITestsLaunchTests.swift in Sources */ = {isa = PBXBuildFile; fileRef = AF860A572B8E94C100672C5A /* Weather4YouUITestsLaunchTests.swift */; };
		AF860A692B8E95B000672C5A /* LocationManager.swift in Sources */ = {isa = PBXBuildFile; fileRef = AF860A682B8E95B000672C5A /* LocationManager.swift */; };
		AF860A6B2B8E95D600672C5A /* WeatherManager.swift in Sources */ = {isa = PBXBuildFile; fileRef = AF860A6A2B8E95D600672C5A /* WeatherManager.swift */; };
		AF860A6D2B8E961900672C5A /* ContentView.swift in Sources */ = {isa = PBXBuildFile; fileRef = AF860A6C2B8E961900672C5A /* ContentView.swift */; };
		AF860A6F2B8E96B500672C5A /* LoadingView.swift in Sources */ = {isa = PBXBuildFile; fileRef = AF860A6E2B8E96B500672C5A /* LoadingView.swift */; };
		AF860A732B8E976D00672C5A /* WeatherView.swift in Sources */ = {isa = PBXBuildFile; fileRef = AF860A722B8E976D00672C5A /* WeatherView.swift */; };
		AF860A752B8E97C700672C5A /* WelcomeView.swift in Sources */ = {isa = PBXBuildFile; fileRef = AF860A742B8E97C700672C5A /* WelcomeView.swift */; };
		AF860A772B8E984000672C5A /* WeatherButton.swift in Sources */ = {isa = PBXBuildFile; fileRef = AF860A762B8E984000672C5A /* WeatherButton.swift */; };
		AF860A792B8E98F600672C5A /* ModelData.swift in Sources */ = {isa = PBXBuildFile; fileRef = AF860A782B8E98F600672C5A /* ModelData.swift */; };
		AF860A7C2B8E9BC700672C5A /* WeatherRow.swift in Sources */ = {isa = PBXBuildFile; fileRef = AF860A7B2B8E9BC700672C5A /* WeatherRow.swift */; };
		AF860A7E2B8E9CD200672C5A /* Extensions.swift in Sources */ = {isa = PBXBuildFile; fileRef = AF860A7D2B8E9CD200672C5A /* Extensions.swift */; };
/* End PBXBuildFile section */

/* Begin PBXContainerItemProxy section */
		AF860A482B8E94C100672C5A /* PBXContainerItemProxy */ = {
			isa = PBXContainerItemProxy;
			containerPortal = AF860A2E2B8E94BF00672C5A /* Project object */;
			proxyType = 1;
			remoteGlobalIDString = AF860A352B8E94BF00672C5A;
			remoteInfo = Weather4You;
		};
		AF860A522B8E94C100672C5A /* PBXContainerItemProxy */ = {
			isa = PBXContainerItemProxy;
			containerPortal = AF860A2E2B8E94BF00672C5A /* Project object */;
			proxyType = 1;
			remoteGlobalIDString = AF860A352B8E94BF00672C5A;
			remoteInfo = Weather4You;
		};
/* End PBXContainerItemProxy section */

/* Begin PBXFileReference section */
		AF860A362B8E94BF00672C5A /* Weather4You.app */ = {isa = PBXFileReference; explicitFileType = wrapper.application; includeInIndex = 0; path = Weather4You.app; sourceTree = BUILT_PRODUCTS_DIR; };
		AF860A392B8E94BF00672C5A /* Weather4YouApp.swift */ = {isa = PBXFileReference; lastKnownFileType = sourcecode.swift; path = Weather4YouApp.swift; sourceTree = "<group>"; };
		AF860A3D2B8E94C100672C5A /* Assets.xcassets */ = {isa = PBXFileReference; lastKnownFileType = folder.assetcatalog; path = Assets.xcassets; sourceTree = "<group>"; };
		AF860A3F2B8E94C100672C5A /* Weather4You.entitlements */ = {isa = PBXFileReference; lastKnownFileType = text.plist.entitlements; path = Weather4You.entitlements; sourceTree = "<group>"; };
		AF860A412B8E94C100672C5A /* Preview Assets.xcassets */ = {isa = PBXFileReference; lastKnownFileType = folder.assetcatalog; path = "Preview Assets.xcassets"; sourceTree = "<group>"; };
		AF860A472B8E94C100672C5A /* Weather4YouTests.xctest */ = {isa = PBXFileReference; explicitFileType = wrapper.cfbundle; includeInIndex = 0; path = Weather4YouTests.xctest; sourceTree = BUILT_PRODUCTS_DIR; };
		AF860A4B2B8E94C100672C5A /* Weather4YouTests.swift */ = {isa = PBXFileReference; lastKnownFileType = sourcecode.swift; path = Weather4YouTests.swift; sourceTree = "<group>"; };
		AF860A512B8E94C100672C5A /* Weather4YouUITests.xctest */ = {isa = PBXFileReference; explicitFileType = wrapper.cfbundle; includeInIndex = 0; path = Weather4YouUITests.xctest; sourceTree = BUILT_PRODUCTS_DIR; };
		AF860A552B8E94C100672C5A /* Weather4YouUITests.swift */ = {isa = PBXFileReference; lastKnownFileType = sourcecode.swift; path = Weather4YouUITests.swift; sourceTree = "<group>"; };
		AF860A572B8E94C100672C5A /* Weather4YouUITestsLaunchTests.swift */ = {isa = PBXFileReference; lastKnownFileType = sourcecode.swift; path = Weather4YouUITestsLaunchTests.swift; sourceTree = "<group>"; };
		AF860A682B8E95B000672C5A /* LocationManager.swift */ = {isa = PBXFileReference; lastKnownFileType = sourcecode.swift; path = LocationManager.swift; sourceTree = "<group>"; };
		AF860A6A2B8E95D600672C5A /* WeatherManager.swift */ = {isa = PBXFileReference; lastKnownFileType = sourcecode.swift; path = WeatherManager.swift; sourceTree = "<group>"; };
		AF860A6C2B8E961900672C5A /* ContentView.swift */ = {isa = PBXFileReference; lastKnownFileType = sourcecode.swift; path = ContentView.swift; sourceTree = "<group>"; };
		AF860A6E2B8E96B500672C5A /* LoadingView.swift */ = {isa = PBXFileReference; lastKnownFileType = sourcecode.swift; path = LoadingView.swift; sourceTree = "<group>"; };
		AF860A722B8E976D00672C5A /* WeatherView.swift */ = {isa = PBXFileReference; lastKnownFileType = sourcecode.swift; path = WeatherView.swift; sourceTree = "<group>"; };
		AF860A742B8E97C700672C5A /* WelcomeView.swift */ = {isa = PBXFileReference; lastKnownFileType = sourcecode.swift; path = WelcomeView.swift; sourceTree = "<group>"; };
		AF860A762B8E984000672C5A /* WeatherButton.swift */ = {isa = PBXFileReference; lastKnownFileType = sourcecode.swift; path = WeatherButton.swift; sourceTree = "<group>"; };
		AF860A782B8E98F600672C5A /* ModelData.swift */ = {isa = PBXFileReference; lastKnownFileType = sourcecode.swift; path = ModelData.swift; sourceTree = "<group>"; };
		AF860A7A2B8E9B5200672C5A /* weatherData.json */ = {isa = PBXFileReference; lastKnownFileType = text.json; path = weatherData.json; sourceTree = "<group>"; };
		AF860A7B2B8E9BC700672C5A /* WeatherRow.swift */ = {isa = PBXFileReference; lastKnownFileType = sourcecode.swift; path = WeatherRow.swift; sourceTree = "<group>"; };
		AF860A7D2B8E9CD200672C5A /* Extensions.swift */ = {isa = PBXFileReference; lastKnownFileType = sourcecode.swift; path = Extensions.swift; sourceTree = "<group>"; };
/* End PBXFileReference section */

/* Begin PBXFrameworksBuildPhase section */
		AF860A332B8E94BF00672C5A /* Frameworks */ = {
			isa = PBXFrameworksBuildPhase;
			buildActionMask = 2147483647;
			files = (
			);
			runOnlyForDeploymentPostprocessing = 0;
		};
		AF860A442B8E94C100672C5A /* Frameworks */ = {
			isa = PBXFrameworksBuildPhase;
			buildActionMask = 2147483647;
			files = (
			);
			runOnlyForDeploymentPostprocessing = 0;
		};
		AF860A4E2B8E94C100672C5A /* Frameworks */ = {
			isa = PBXFrameworksBuildPhase;
			buildActionMask = 2147483647;
			files = (
			);
			runOnlyForDeploymentPostprocessing = 0;
		};
/* End PBXFrameworksBuildPhase section */

/* Begin PBXGroup section */
		AF860A2D2B8E94BF00672C5A = {
			isa = PBXGroup;
			children = (
				AF860A782B8E98F600672C5A /* ModelData.swift */,
				AF860A672B8E954E00672C5A /* Components */,
				AF860A662B8E954800672C5A /* Buttons */,
				AF860A652B8E953300672C5A /* Manager */,
				AF860A382B8E94BF00672C5A /* Weather4You */,
				AF860A4A2B8E94C100672C5A /* Weather4YouTests */,
				AF860A542B8E94C100672C5A /* Weather4YouUITests */,
				AF860A372B8E94BF00672C5A /* Products */,
			);
			sourceTree = "<group>";
		};
		AF860A372B8E94BF00672C5A /* Products */ = {
			isa = PBXGroup;
			children = (
				AF860A362B8E94BF00672C5A /* Weather4You.app */,
				AF860A472B8E94C100672C5A /* Weather4YouTests.xctest */,
				AF860A512B8E94C100672C5A /* Weather4YouUITests.xctest */,
			);
			name = Products;
			sourceTree = "<group>";
		};
		AF860A382B8E94BF00672C5A /* Weather4You */ = {
			isa = PBXGroup;
			children = (
				AF860A392B8E94BF00672C5A /* Weather4YouApp.swift */,
				AF860A3D2B8E94C100672C5A /* Assets.xcassets */,
				AF860A3F2B8E94C100672C5A /* Weather4You.entitlements */,
				AF860A642B8E952E00672C5A /* Views */,
				AF860A402B8E94C100672C5A /* Preview Content */,
				AF860A7A2B8E9B5200672C5A /* weatherData.json */,
				AF860A7B2B8E9BC700672C5A /* WeatherRow.swift */,
			);
			path = Weather4You;
			sourceTree = "<group>";
		};
		AF860A402B8E94C100672C5A /* Preview Content */ = {
			isa = PBXGroup;
			children = (
				AF860A412B8E94C100672C5A /* Preview Assets.xcassets */,
			);
			path = "Preview Content";
			sourceTree = "<group>";
		};
		AF860A4A2B8E94C100672C5A /* Weather4YouTests */ = {
			isa = PBXGroup;
			children = (
				AF860A4B2B8E94C100672C5A /* Weather4YouTests.swift */,
			);
			path = Weather4YouTests;
			sourceTree = "<group>";
		};
		AF860A542B8E94C100672C5A /* Weather4YouUITests */ = {
			isa = PBXGroup;
			children = (
				AF860A552B8E94C100672C5A /* Weather4YouUITests.swift */,
				AF860A572B8E94C100672C5A /* Weather4YouUITestsLaunchTests.swift */,
			);
			path = Weather4YouUITests;
			sourceTree = "<group>";
		};
		AF860A642B8E952E00672C5A /* Views */ = {
			isa = PBXGroup;
			children = (
				AF860A6C2B8E961900672C5A /* ContentView.swift */,
				AF860A6E2B8E96B500672C5A /* LoadingView.swift */,
				AF860A722B8E976D00672C5A /* WeatherView.swift */,
				AF860A742B8E97C700672C5A /* WelcomeView.swift */,
			);
			path = Views;
			sourceTree = "<group>";
		};
		AF860A652B8E953300672C5A /* Manager */ = {
			isa = PBXGroup;
			children = (
				AF860A682B8E95B000672C5A /* LocationManager.swift */,
				AF860A6A2B8E95D600672C5A /* WeatherManager.swift */,
			);
			path = Manager;
			sourceTree = "<group>";
		};
		AF860A662B8E954800672C5A /* Buttons */ = {
			isa = PBXGroup;
			children = (
				AF860A762B8E984000672C5A /* WeatherButton.swift */,
			);
			path = Buttons;
			sourceTree = "<group>";
		};
		AF860A672B8E954E00672C5A /* Components */ = {
			isa = PBXGroup;
			children = (
				AF860A7D2B8E9CD200672C5A /* Extensions.swift */,
			);
			path = Components;
			sourceTree = "<group>";
		};
/* End PBXGroup section */

/* Begin PBXNativeTarget section */
		AF860A352B8E94BF00672C5A /* Weather4You */ = {
			isa = PBXNativeTarget;
			buildConfigurationList = AF860A5B2B8E94C100672C5A /* Build configuration list for PBXNativeTarget "Weather4You" */;
			buildPhases = (
				AF860A322B8E94BF00672C5A /* Sources */,
				AF860A332B8E94BF00672C5A /* Frameworks */,
				AF860A342B8E94BF00672C5A /* Resources */,
			);
			buildRules = (
			);
			dependencies = (
			);
			name = Weather4You;
			productName = Weather4You;
			productReference = AF860A362B8E94BF00672C5A /* Weather4You.app */;
			productType = "com.apple.product-type.application";
		};
		AF860A462B8E94C100672C5A /* Weather4YouTests */ = {
			isa = PBXNativeTarget;
			buildConfigurationList = AF860A5E2B8E94C100672C5A /* Build configuration list for PBXNativeTarget "Weather4YouTests" */;
			buildPhases = (
				AF860A432B8E94C100672C5A /* Sources */,
				AF860A442B8E94C100672C5A /* Frameworks */,
				AF860A452B8E94C100672C5A /* Resources */,
			);
			buildRules = (
			);
			dependencies = (
				AF860A492B8E94C100672C5A /* PBXTargetDependency */,
			);
			name = Weather4YouTests;
			productName = Weather4YouTests;
			productReference = AF860A472B8E94C100672C5A /* Weather4YouTests.xctest */;
			productType = "com.apple.product-type.bundle.unit-test";
		};
		AF860A502B8E94C100672C5A /* Weather4YouUITests */ = {
			isa = PBXNativeTarget;
			buildConfigurationList = AF860A612B8E94C100672C5A /* Build configuration list for PBXNativeTarget "Weather4YouUITests" */;
			buildPhases = (
				AF860A4D2B8E94C100672C5A /* Sources */,
				AF860A4E2B8E94C100672C5A /* Frameworks */,
				AF860A4F2B8E94C100672C5A /* Resources */,
			);
			buildRules = (
			);
			dependencies = (
				AF860A532B8E94C100672C5A /* PBXTargetDependency */,
			);
			name = Weather4YouUITests;
			productName = Weather4YouUITests;
			productReference = AF860A512B8E94C100672C5A /* Weather4YouUITests.xctest */;
			productType = "com.apple.product-type.bundle.ui-testing";
		};
/* End PBXNativeTarget section */

/* Begin PBXProject section */
		AF860A2E2B8E94BF00672C5A /* Project object */ = {
			isa = PBXProject;
			attributes = {
				BuildIndependentTargetsInParallel = 1;
				LastSwiftUpdateCheck = 1520;
				LastUpgradeCheck = 1520;
				TargetAttributes = {
					AF860A352B8E94BF00672C5A = {
						CreatedOnToolsVersion = 15.2;
					};
					AF860A462B8E94C100672C5A = {
						CreatedOnToolsVersion = 15.2;
						TestTargetID = AF860A352B8E94BF00672C5A;
					};
					AF860A502B8E94C100672C5A = {
						CreatedOnToolsVersion = 15.2;
						TestTargetID = AF860A352B8E94BF00672C5A;
					};
				};
			};
			buildConfigurationList = AF860A312B8E94BF00672C5A /* Build configuration list for PBXProject "Weather4You" */;
			compatibilityVersion = "Xcode 14.0";
			developmentRegion = en;
			hasScannedForEncodings = 0;
			knownRegions = (
				en,
				Base,
			);
			mainGroup = AF860A2D2B8E94BF00672C5A;
			productRefGroup = AF860A372B8E94BF00672C5A /* Products */;
			projectDirPath = "";
			projectRoot = "";
			targets = (
				AF860A352B8E94BF00672C5A /* Weather4You */,
				AF860A462B8E94C100672C5A /* Weather4YouTests */,
				AF860A502B8E94C100672C5A /* Weather4YouUITests */,
			);
		};
/* End PBXProject section */

/* Begin PBXResourcesBuildPhase section */
		AF860A342B8E94BF00672C5A /* Resources */ = {
			isa = PBXResourcesBuildPhase;
			buildActionMask = 2147483647;
			files = (
				AF860A422B8E94C100672C5A /* Preview Assets.xcassets in Resources */,
				AF860A3E2B8E94C100672C5A /* Assets.xcassets in Resources */,
			);
			runOnlyForDeploymentPostprocessing = 0;
		};
		AF860A452B8E94C100672C5A /* Resources */ = {
			isa = PBXResourcesBuildPhase;
			buildActionMask = 2147483647;
			files = (
			);
			runOnlyForDeploymentPostprocessing = 0;
		};
		AF860A4F2B8E94C100672C5A /* Resources */ = {
			isa = PBXResourcesBuildPhase;
			buildActionMask = 2147483647;
			files = (
			);
			runOnlyForDeploymentPostprocessing = 0;
		};
/* End PBXResourcesBuildPhase section */

/* Begin PBXSourcesBuildPhase section */
		AF860A322B8E94BF00672C5A /* Sources */ = {
			isa = PBXSourcesBuildPhase;
			buildActionMask = 2147483647;
			files = (
				AF860A7C2B8E9BC700672C5A /* WeatherRow.swift in Sources */,
				AF860A6D2B8E961900672C5A /* ContentView.swift in Sources */,
				AF860A3A2B8E94BF00672C5A /* Weather4YouApp.swift in Sources */,
				AF860A772B8E984000672C5A /* WeatherButton.swift in Sources */,
				AF860A752B8E97C700672C5A /* WelcomeView.swift in Sources */,
				AF860A6B2B8E95D600672C5A /* WeatherManager.swift in Sources */,
				AF860A692B8E95B000672C5A /* LocationManager.swift in Sources */,
				AF860A792B8E98F600672C5A /* ModelData.swift in Sources */,
				AF860A732B8E976D00672C5A /* WeatherView.swift in Sources */,
				AF860A7E2B8E9CD200672C5A /* Extensions.swift in Sources */,
				AF860A6F2B8E96B500672C5A /* LoadingView.swift in Sources */,
			);
			runOnlyForDeploymentPostprocessing = 0;
		};
		AF860A432B8E94C100672C5A /* Sources */ = {
			isa = PBXSourcesBuildPhase;
			buildActionMask = 2147483647;
			files = (
				AF860A4C2B8E94C100672C5A /* Weather4YouTests.swift in Sources */,
			);
			runOnlyForDeploymentPostprocessing = 0;
		};
		AF860A4D2B8E94C100672C5A /* Sources */ = {
			isa = PBXSourcesBuildPhase;
			buildActionMask = 2147483647;
			files = (
				AF860A582B8E94C100672C5A /* Weather4YouUITestsLaunchTests.swift in Sources */,
				AF860A562B8E94C100672C5A /* Weather4YouUITests.swift in Sources */,
			);
			runOnlyForDeploymentPostprocessing = 0;
		};
/* End PBXSourcesBuildPhase section */

/* Begin PBXTargetDependency section */
		AF860A492B8E94C100672C5A /* PBXTargetDependency */ = {
			isa = PBXTargetDependency;
			target = AF860A352B8E94BF00672C5A /* Weather4You */;
			targetProxy = AF860A482B8E94C100672C5A /* PBXContainerItemProxy */;
		};
		AF860A532B8E94C100672C5A /* PBXTargetDependency */ = {
			isa = PBXTargetDependency;
			target = AF860A352B8E94BF00672C5A /* Weather4You */;
			targetProxy = AF860A522B8E94C100672C5A /* PBXContainerItemProxy */;
		};
/* End PBXTargetDependency section */

/* Begin XCBuildConfiguration section */
		AF860A592B8E94C100672C5A /* Debug */ = {
			isa = XCBuildConfiguration;
			buildSettings = {
				ALWAYS_SEARCH_USER_PATHS = NO;
				ASSETCATALOG_COMPILER_GENERATE_SWIFT_ASSET_SYMBOL_EXTENSIONS = YES;
				CLANG_ANALYZER_NONNULL = YES;
				CLANG_ANALYZER_NUMBER_OBJECT_CONVERSION = YES_AGGRESSIVE;
				CLANG_CXX_LANGUAGE_STANDARD = "gnu++20";
				CLANG_ENABLE_MODULES = YES;
				CLANG_ENABLE_OBJC_ARC = YES;
				CLANG_ENABLE_OBJC_WEAK = YES;
				CLANG_WARN_BLOCK_CAPTURE_AUTORELEASING = YES;
				CLANG_WARN_BOOL_CONVERSION = YES;
				CLANG_WARN_COMMA = YES;
				CLANG_WARN_CONSTANT_CONVERSION = YES;
				CLANG_WARN_DEPRECATED_OBJC_IMPLEMENTATIONS = YES;
				CLANG_WARN_DIRECT_OBJC_ISA_USAGE = YES_ERROR;
				CLANG_WARN_DOCUMENTATION_COMMENTS = YES;
				CLANG_WARN_EMPTY_BODY = YES;
				CLANG_WARN_ENUM_CONVERSION = YES;
				CLANG_WARN_INFINITE_RECURSION = YES;
				CLANG_WARN_INT_CONVERSION = YES;
				CLANG_WARN_NON_LITERAL_NULL_CONVERSION = YES;
				CLANG_WARN_OBJC_IMPLICIT_RETAIN_SELF = YES;
				CLANG_WARN_OBJC_LITERAL_CONVERSION = YES;
				CLANG_WARN_OBJC_ROOT_CLASS = YES_ERROR;
				CLANG_WARN_QUOTED_INCLUDE_IN_FRAMEWORK_HEADER = YES;
				CLANG_WARN_RANGE_LOOP_ANALYSIS = YES;
				CLANG_WARN_STRICT_PROTOTYPES = YES;
				CLANG_WARN_SUSPICIOUS_MOVE = YES;
				CLANG_WARN_UNGUARDED_AVAILABILITY = YES_AGGRESSIVE;
				CLANG_WARN_UNREACHABLE_CODE = YES;
				CLANG_WARN__DUPLICATE_METHOD_MATCH = YES;
				COPY_PHASE_STRIP = NO;
				DEBUG_INFORMATION_FORMAT = dwarf;
				ENABLE_STRICT_OBJC_MSGSEND = YES;
				ENABLE_TESTABILITY = YES;
				ENABLE_USER_SCRIPT_SANDBOXING = YES;
				GCC_C_LANGUAGE_STANDARD = gnu17;
				GCC_DYNAMIC_NO_PIC = NO;
				GCC_NO_COMMON_BLOCKS = YES;
				GCC_OPTIMIZATION_LEVEL = 0;
				GCC_PREPROCESSOR_DEFINITIONS = (
					"DEBUG=1",
					"$(inherited)",
				);
				GCC_WARN_64_TO_32_BIT_CONVERSION = YES;
				GCC_WARN_ABOUT_RETURN_TYPE = YES_ERROR;
				GCC_WARN_UNDECLARED_SELECTOR = YES;
				GCC_WARN_UNINITIALIZED_AUTOS = YES_AGGRESSIVE;
				GCC_WARN_UNUSED_FUNCTION = YES;
				GCC_WARN_UNUSED_VARIABLE = YES;
				IPHONEOS_DEPLOYMENT_TARGET = 15.0;
				LOCALIZATION_PREFERS_STRING_CATALOGS = YES;
				MTL_ENABLE_DEBUG_INFO = INCLUDE_SOURCE;
				MTL_FAST_MATH = YES;
				ONLY_ACTIVE_ARCH = YES;
				SWIFT_ACTIVE_COMPILATION_CONDITIONS = "DEBUG $(inherited)";
				SWIFT_OPTIMIZATION_LEVEL = "-Onone";
			};
			name = Debug;
		};
		AF860A5A2B8E94C100672C5A /* Release */ = {
			isa = XCBuildConfiguration;
			buildSettings = {
				ALWAYS_SEARCH_USER_PATHS = NO;
				ASSETCATALOG_COMPILER_GENERATE_SWIFT_ASSET_SYMBOL_EXTENSIONS = YES;
				CLANG_ANALYZER_NONNULL = YES;
				CLANG_ANALYZER_NUMBER_OBJECT_CONVERSION = YES_AGGRESSIVE;
				CLANG_CXX_LANGUAGE_STANDARD = "gnu++20";
				CLANG_ENABLE_MODULES = YES;
				CLANG_ENABLE_OBJC_ARC = YES;
				CLANG_ENABLE_OBJC_WEAK = YES;
				CLANG_WARN_BLOCK_CAPTURE_AUTORELEASING = YES;
				CLANG_WARN_BOOL_CONVERSION = YES;
				CLANG_WARN_COMMA = YES;
				CLANG_WARN_CONSTANT_CONVERSION = YES;
				CLANG_WARN_DEPRECATED_OBJC_IMPLEMENTATIONS = YES;
				CLANG_WARN_DIRECT_OBJC_ISA_USAGE = YES_ERROR;
				CLANG_WARN_DOCUMENTATION_COMMENTS = YES;
				CLANG_WARN_EMPTY_BODY = YES;
				CLANG_WARN_ENUM_CONVERSION = YES;
				CLANG_WARN_INFINITE_RECURSION = YES;
				CLANG_WARN_INT_CONVERSION = YES;
				CLANG_WARN_NON_LITERAL_NULL_CONVERSION = YES;
				CLANG_WARN_OBJC_IMPLICIT_RETAIN_SELF = YES;
				CLANG_WARN_OBJC_LITERAL_CONVERSION = YES;
				CLANG_WARN_OBJC_ROOT_CLASS = YES_ERROR;
				CLANG_WARN_QUOTED_INCLUDE_IN_FRAMEWORK_HEADER = YES;
				CLANG_WARN_RANGE_LOOP_ANALYSIS = YES;
				CLANG_WARN_STRICT_PROTOTYPES = YES;
				CLANG_WARN_SUSPICIOUS_MOVE = YES;
				CLANG_WARN_UNGUARDED_AVAILABILITY = YES_AGGRESSIVE;
				CLANG_WARN_UNREACHABLE_CODE = YES;
				CLANG_WARN__DUPLICATE_METHOD_MATCH = YES;
				COPY_PHASE_STRIP = NO;
				DEBUG_INFORMATION_FORMAT = "dwarf-with-dsym";
				ENABLE_NS_ASSERTIONS = NO;
				ENABLE_STRICT_OBJC_MSGSEND = YES;
				ENABLE_USER_SCRIPT_SANDBOXING = YES;
				GCC_C_LANGUAGE_STANDARD = gnu17;
				GCC_NO_COMMON_BLOCKS = YES;
				GCC_WARN_64_TO_32_BIT_CONVERSION = YES;
				GCC_WARN_ABOUT_RETURN_TYPE = YES_ERROR;
				GCC_WARN_UNDECLARED_SELECTOR = YES;
				GCC_WARN_UNINITIALIZED_AUTOS = YES_AGGRESSIVE;
				GCC_WARN_UNUSED_FUNCTION = YES;
				GCC_WARN_UNUSED_VARIABLE = YES;
				IPHONEOS_DEPLOYMENT_TARGET = 15.0;
				LOCALIZATION_PREFERS_STRING_CATALOGS = YES;
				MTL_ENABLE_DEBUG_INFO = NO;
				MTL_FAST_MATH = YES;
				SWIFT_COMPILATION_MODE = wholemodule;
			};
			name = Release;
		};
		AF860A5C2B8E94C100672C5A /* Debug */ = {
			isa = XCBuildConfiguration;
			buildSettings = {
				ASSETCATALOG_COMPILER_APPICON_NAME = AppIcon;
				ASSETCATALOG_COMPILER_GLOBAL_ACCENT_COLOR_NAME = AccentColor;
				CODE_SIGN_ENTITLEMENTS = Weather4You/Weather4You.entitlements;
				CODE_SIGN_STYLE = Automatic;
				CURRENT_PROJECT_VERSION = 1;
				DEVELOPMENT_ASSET_PATHS = "\"Weather4You/Preview Content\"";
				DEVELOPMENT_TEAM = WYZSL4ZX6L;
				ENABLE_HARDENED_RUNTIME = YES;
				ENABLE_PREVIEWS = YES;
				GENERATE_INFOPLIST_FILE = YES;
				INFOPLIST_KEY_CFBundleDisplayName = "W4Y by WD";
				INFOPLIST_KEY_LSApplicationCategoryType = "public.app-category.weather";
				"INFOPLIST_KEY_UIApplicationSceneManifest_Generation[sdk=iphoneos*]" = YES;
				"INFOPLIST_KEY_UIApplicationSceneManifest_Generation[sdk=iphonesimulator*]" = YES;
				"INFOPLIST_KEY_UIApplicationSupportsIndirectInputEvents[sdk=iphoneos*]" = YES;
				"INFOPLIST_KEY_UIApplicationSupportsIndirectInputEvents[sdk=iphonesimulator*]" = YES;
				"INFOPLIST_KEY_UILaunchScreen_Generation[sdk=iphoneos*]" = YES;
				"INFOPLIST_KEY_UILaunchScreen_Generation[sdk=iphonesimulator*]" = YES;
				"INFOPLIST_KEY_UIStatusBarStyle[sdk=iphoneos*]" = UIStatusBarStyleDefault;
				"INFOPLIST_KEY_UIStatusBarStyle[sdk=iphonesimulator*]" = UIStatusBarStyleDefault;
				INFOPLIST_KEY_UISupportedInterfaceOrientations_iPad = "UIInterfaceOrientationPortrait UIInterfaceOrientationPortraitUpsideDown UIInterfaceOrientationLandscapeLeft UIInterfaceOrientationLandscapeRight";
				INFOPLIST_KEY_UISupportedInterfaceOrientations_iPhone = "UIInterfaceOrientationPortrait UIInterfaceOrientationLandscapeLeft UIInterfaceOrientationLandscapeRight";
				IPHONEOS_DEPLOYMENT_TARGET = 15.0;
				LD_RUNPATH_SEARCH_PATHS = "@executable_path/Frameworks";
				"LD_RUNPATH_SEARCH_PATHS[sdk=macosx*]" = "@executable_path/../Frameworks";
				MACOSX_DEPLOYMENT_TARGET = 14.2;
				MARKETING_VERSION = 1.0;
				PRODUCT_BUNDLE_IDENTIFIER = io.designcode.Weather4You;
				PRODUCT_NAME = "$(TARGET_NAME)";
				SDKROOT = auto;
				SUPPORTED_PLATFORMS = "iphoneos iphonesimulator macosx";
				SWIFT_EMIT_LOC_STRINGS = YES;
				SWIFT_VERSION = 5.0;
				TARGETED_DEVICE_FAMILY = "1,2";
			};
			name = Debug;
		};
		AF860A5D2B8E94C100672C5A /* Release */ = {
			isa = XCBuildConfiguration;
			buildSettings = {
				ASSETCATALOG_COMPILER_APPICON_NAME = AppIcon;
				ASSETCATALOG_COMPILER_GLOBAL_ACCENT_COLOR_NAME = AccentColor;
				CODE_SIGN_ENTITLEMENTS = Weather4You/Weather4You.entitlements;
				CODE_SIGN_STYLE = Automatic;
				CURRENT_PROJECT_VERSION = 1;
				DEVELOPMENT_ASSET_PATHS = "\"Weather4You/Preview Content\"";
				DEVELOPMENT_TEAM = WYZSL4ZX6L;
				ENABLE_HARDENED_RUNTIME = YES;
				ENABLE_PREVIEWS = YES;
				GENERATE_INFOPLIST_FILE = YES;
				INFOPLIST_KEY_CFBundleDisplayName = "W4Y by WD";
				INFOPLIST_KEY_LSApplicationCategoryType = "public.app-category.weather";
				"INFOPLIST_KEY_UIApplicationSceneManifest_Generation[sdk=iphoneos*]" = YES;
				"INFOPLIST_KEY_UIApplicationSceneManifest_Generation[sdk=iphonesimulator*]" = YES;
				"INFOPLIST_KEY_UIApplicationSupportsIndirectInputEvents[sdk=iphoneos*]" = YES;
				"INFOPLIST_KEY_UIApplicationSupportsIndirectInputEvents[sdk=iphonesimulator*]" = YES;
				"INFOPLIST_KEY_UILaunchScreen_Generation[sdk=iphoneos*]" = YES;
				"INFOPLIST_KEY_UILaunchScreen_Generation[sdk=iphonesimulator*]" = YES;
				"INFOPLIST_KEY_UIStatusBarStyle[sdk=iphoneos*]" = UIStatusBarStyleDefault;
				"INFOPLIST_KEY_UIStatusBarStyle[sdk=iphonesimulator*]" = UIStatusBarStyleDefault;
				INFOPLIST_KEY_UISupportedInterfaceOrientations_iPad = "UIInterfaceOrientationPortrait UIInterfaceOrientationPortraitUpsideDown UIInterfaceOrientationLandscapeLeft UIInterfaceOrientationLandscapeRight";
				INFOPLIST_KEY_UISupportedInterfaceOrientations_iPhone = "UIInterfaceOrientationPortrait UIInterfaceOrientationLandscapeLeft UIInterfaceOrientationLandscapeRight";
				IPHONEOS_DEPLOYMENT_TARGET = 15.0;
				LD_RUNPATH_SEARCH_PATHS = "@executable_path/Frameworks";
				"LD_RUNPATH_SEARCH_PATHS[sdk=macosx*]" = "@executable_path/../Frameworks";
				MACOSX_DEPLOYMENT_TARGET = 14.2;
				MARKETING_VERSION = 1.0;
				PRODUCT_BUNDLE_IDENTIFIER = io.designcode.Weather4You;
				PRODUCT_NAME = "$(TARGET_NAME)";
				SDKROOT = auto;
				SUPPORTED_PLATFORMS = "iphoneos iphonesimulator macosx";
				SWIFT_EMIT_LOC_STRINGS = YES;
				SWIFT_VERSION = 5.0;
				TARGETED_DEVICE_FAMILY = "1,2";
			};
			name = Release;
		};
		AF860A5F2B8E94C100672C5A /* Debug */ = {
			isa = XCBuildConfiguration;
			buildSettings = {
				ALWAYS_EMBED_SWIFT_STANDARD_LIBRARIES = YES;
				BUNDLE_LOADER = "$(TEST_HOST)";
				CODE_SIGN_STYLE = Automatic;
				CURRENT_PROJECT_VERSION = 1;
				DEVELOPMENT_TEAM = WYZSL4ZX6L;
				GENERATE_INFOPLIST_FILE = YES;
				IPHONEOS_DEPLOYMENT_TARGET = 17.2;
				MACOSX_DEPLOYMENT_TARGET = 14.2;
				MARKETING_VERSION = 1.0;
				PRODUCT_BUNDLE_IDENTIFIER = io.designcode.Weather4YouTests;
				PRODUCT_NAME = "$(TARGET_NAME)";
				SDKROOT = auto;
				SUPPORTED_PLATFORMS = "iphoneos iphonesimulator macosx";
				SWIFT_EMIT_LOC_STRINGS = NO;
				SWIFT_VERSION = 5.0;
				TARGETED_DEVICE_FAMILY = "1,2";
				TEST_HOST = "$(BUILT_PRODUCTS_DIR)/Weather4You.app/$(BUNDLE_EXECUTABLE_FOLDER_PATH)/Weather4You";
			};
			name = Debug;
		};
		AF860A602B8E94C100672C5A /* Release */ = {
			isa = XCBuildConfiguration;
			buildSettings = {
				ALWAYS_EMBED_SWIFT_STANDARD_LIBRARIES = YES;
				BUNDLE_LOADER = "$(TEST_HOST)";
				CODE_SIGN_STYLE = Automatic;
				CURRENT_PROJECT_VERSION = 1;
				DEVELOPMENT_TEAM = WYZSL4ZX6L;
				GENERATE_INFOPLIST_FILE = YES;
				IPHONEOS_DEPLOYMENT_TARGET = 17.2;
				MACOSX_DEPLOYMENT_TARGET = 14.2;
				MARKETING_VERSION = 1.0;
				PRODUCT_BUNDLE_IDENTIFIER = io.designcode.Weather4YouTests;
				PRODUCT_NAME = "$(TARGET_NAME)";
				SDKROOT = auto;
				SUPPORTED_PLATFORMS = "iphoneos iphonesimulator macosx";
				SWIFT_EMIT_LOC_STRINGS = NO;
				SWIFT_VERSION = 5.0;
				TARGETED_DEVICE_FAMILY = "1,2";
				TEST_HOST = "$(BUILT_PRODUCTS_DIR)/Weather4You.app/$(BUNDLE_EXECUTABLE_FOLDER_PATH)/Weather4You";
			};
			name = Release;
		};
		AF860A622B8E94C100672C5A /* Debug */ = {
			isa = XCBuildConfiguration;
			buildSettings = {
				ALWAYS_EMBED_SWIFT_STANDARD_LIBRARIES = YES;
				CODE_SIGN_STYLE = Automatic;
				CURRENT_PROJECT_VERSION = 1;
				DEVELOPMENT_TEAM = WYZSL4ZX6L;
				GENERATE_INFOPLIST_FILE = YES;
				IPHONEOS_DEPLOYMENT_TARGET = 17.2;
				MACOSX_DEPLOYMENT_TARGET = 14.2;
				MARKETING_VERSION = 1.0;
				PRODUCT_BUNDLE_IDENTIFIER = io.designcode.Weather4YouUITests;
				PRODUCT_NAME = "$(TARGET_NAME)";
				SDKROOT = auto;
				SUPPORTED_PLATFORMS = "iphoneos iphonesimulator macosx";
				SWIFT_EMIT_LOC_STRINGS = NO;
				SWIFT_VERSION = 5.0;
				TARGETED_DEVICE_FAMILY = "1,2";
				TEST_TARGET_NAME = Weather4You;
			};
			name = Debug;
		};
		AF860A632B8E94C100672C5A /* Release */ = {
			isa = XCBuildConfiguration;
			buildSettings = {
				ALWAYS_EMBED_SWIFT_STANDARD_LIBRARIES = YES;
				CODE_SIGN_STYLE = Automatic;
				CURRENT_PROJECT_VERSION = 1;
				DEVELOPMENT_TEAM = WYZSL4ZX6L;
				GENERATE_INFOPLIST_FILE = YES;
				IPHONEOS_DEPLOYMENT_TARGET = 17.2;
				MACOSX_DEPLOYMENT_TARGET = 14.2;
				MARKETING_VERSION = 1.0;
				PRODUCT_BUNDLE_IDENTIFIER = io.designcode.Weather4YouUITests;
				PRODUCT_NAME = "$(TARGET_NAME)";
				SDKROOT = auto;
				SUPPORTED_PLATFORMS = "iphoneos iphonesimulator macosx";
				SWIFT_EMIT_LOC_STRINGS = NO;
				SWIFT_VERSION = 5.0;
				TARGETED_DEVICE_FAMILY = "1,2";
				TEST_TARGET_NAME = Weather4You;
			};
			name = Release;
		};
/* End XCBuildConfiguration section */

/* Begin XCConfigurationList section */
		AF860A312B8E94BF00672C5A /* Build configuration list for PBXProject "Weather4You" */ = {
			isa = XCConfigurationList;
			buildConfigurations = (
				AF860A592B8E94C100672C5A /* Debug */,
				AF860A5A2B8E94C100672C5A /* Release */,
			);
			defaultConfigurationIsVisible = 0;
			defaultConfigurationName = Release;
		};
		AF860A5B2B8E94C100672C5A /* Build configuration list for PBXNativeTarget "Weather4You" */ = {
			isa = XCConfigurationList;
			buildConfigurations = (
				AF860A5C2B8E94C100672C5A /* Debug */,
				AF860A5D2B8E94C100672C5A /* Release */,
			);
			defaultConfigurationIsVisible = 0;
			defaultConfigurationName = Release;
		};
		AF860A5E2B8E94C100672C5A /* Build configuration list for PBXNativeTarget "Weather4YouTests" */ = {
			isa = XCConfigurationList;
			buildConfigurations = (
				AF860A5F2B8E94C100672C5A /* Debug */,
				AF860A602B8E94C100672C5A /* Release */,
			);
			defaultConfigurationIsVisible = 0;
			defaultConfigurationName = Release;
		};
		AF860A612B8E94C100672C5A /* Build configuration list for PBXNativeTarget "Weather4YouUITests" */ = {
			isa = XCConfigurationList;
			buildConfigurations = (
				AF860A622B8E94C100672C5A /* Debug */,
				AF860A632B8E94C100672C5A /* Release */,
			);
			defaultConfigurationIsVisible = 0;
			defaultConfigurationName = Release;
		};
/* End XCConfigurationList section */
	};
	rootObject = AF860A2E2B8E94BF00672C5A /* Project object */;
}
